// !$*UTF8*$!
{
	archiveVersion = 1;
	classes = {
	};
	objectVersion = 55;
	objects = {

/* Begin PBXBuildFile section */
		A6364FAE273DDC8000A1D4DB /* RunViewController.swift in Sources */ = {isa = PBXBuildFile; fileRef = A6364FAD273DDC7F00A1D4DB /* RunViewController.swift */; };
		A64B38542741C2F9005115C9 /* Run.swift in Sources */ = {isa = PBXBuildFile; fileRef = A64B38522741C2F9005115C9 /* Run.swift */; };
		A64B38552741C2F9005115C9 /* Model.swift in Sources */ = {isa = PBXBuildFile; fileRef = A64B38532741C2F9005115C9 /* Model.swift */; };
		A64B38572741D0A7005115C9 /* TableViewController.swift in Sources */ = {isa = PBXBuildFile; fileRef = A64B38562741D0A7005115C9 /* TableViewController.swift */; };
		A64B38592741D0F3005115C9 /* TableViewCell.swift in Sources */ = {isa = PBXBuildFile; fileRef = A64B38582741D0F3005115C9 /* TableViewCell.swift */; };
		A64B385B2741D10F005115C9 /* DetailViewController.swift in Sources */ = {isa = PBXBuildFile; fileRef = A64B385A2741D10F005115C9 /* DetailViewController.swift */; };
		A656B5C1271B8CB200D0E998 /* AppDelegate.swift in Sources */ = {isa = PBXBuildFile; fileRef = A656B5C0271B8CB200D0E998 /* AppDelegate.swift */; };
		A656B5C3271B8CB200D0E998 /* SceneDelegate.swift in Sources */ = {isa = PBXBuildFile; fileRef = A656B5C2271B8CB200D0E998 /* SceneDelegate.swift */; };
		A656B5C5271B8CB200D0E998 /* ViewController.swift in Sources */ = {isa = PBXBuildFile; fileRef = A656B5C4271B8CB200D0E998 /* ViewController.swift */; };
		A656B5C8271B8CB200D0E998 /* Main.storyboard in Resources */ = {isa = PBXBuildFile; fileRef = A656B5C6271B8CB200D0E998 /* Main.storyboard */; };
		A656B5CB271B8CB300D0E998 /* final.xcdatamodeld in Sources */ = {isa = PBXBuildFile; fileRef = A656B5C9271B8CB200D0E998 /* final.xcdatamodeld */; };
		A656B5CD271B8CB700D0E998 /* Assets.xcassets in Resources */ = {isa = PBXBuildFile; fileRef = A656B5CC271B8CB700D0E998 /* Assets.xcassets */; };
		A656B5D0271B8CB700D0E998 /* LaunchScreen.storyboard in Resources */ = {isa = PBXBuildFile; fileRef = A656B5CE271B8CB700D0E998 /* LaunchScreen.storyboard */; };
		A660EFC027409C62001FD675 /* MapKit.framework in Frameworks */ = {isa = PBXBuildFile; fileRef = A660EFBF27409C62001FD675 /* MapKit.framework */; };
		A660EFC42740A1FE001FD675 /* UnitFormatter.swift in Sources */ = {isa = PBXBuildFile; fileRef = A660EFC32740A1FE001FD675 /* UnitFormatter.swift */; };
		A6B5E95B27308C2900D45063 /* WeatherViewController.swift in Sources */ = {isa = PBXBuildFile; fileRef = A6B5E95A27308C2900D45063 /* WeatherViewController.swift */; };
/* End PBXBuildFile section */

/* Begin PBXFileReference section */
		A6364FAD273DDC7F00A1D4DB /* RunViewController.swift */ = {isa = PBXFileReference; lastKnownFileType = sourcecode.swift; path = RunViewController.swift; sourceTree = "<group>"; };
		A64B38522741C2F9005115C9 /* Run.swift */ = {isa = PBXFileReference; lastKnownFileType = sourcecode.swift; path = Run.swift; sourceTree = "<group>"; };
		A64B38532741C2F9005115C9 /* Model.swift */ = {isa = PBXFileReference; lastKnownFileType = sourcecode.swift; path = Model.swift; sourceTree = "<group>"; };
		A64B38562741D0A7005115C9 /* TableViewController.swift */ = {isa = PBXFileReference; lastKnownFileType = sourcecode.swift; path = TableViewController.swift; sourceTree = "<group>"; };
		A64B38582741D0F3005115C9 /* TableViewCell.swift */ = {isa = PBXFileReference; lastKnownFileType = sourcecode.swift; path = TableViewCell.swift; sourceTree = "<group>"; };
		A64B385A2741D10F005115C9 /* DetailViewController.swift */ = {isa = PBXFileReference; lastKnownFileType = sourcecode.swift; path = DetailViewController.swift; sourceTree = "<group>"; };
		A656B5BD271B8CB200D0E998 /* final.app */ = {isa = PBXFileReference; explicitFileType = wrapper.application; includeInIndex = 0; path = final.app; sourceTree = BUILT_PRODUCTS_DIR; };
		A656B5C0271B8CB200D0E998 /* AppDelegate.swift */ = {isa = PBXFileReference; lastKnownFileType = sourcecode.swift; path = AppDelegate.swift; sourceTree = "<group>"; };
		A656B5C2271B8CB200D0E998 /* SceneDelegate.swift */ = {isa = PBXFileReference; lastKnownFileType = sourcecode.swift; path = SceneDelegate.swift; sourceTree = "<group>"; };
		A656B5C4271B8CB200D0E998 /* ViewController.swift */ = {isa = PBXFileReference; lastKnownFileType = sourcecode.swift; path = ViewController.swift; sourceTree = "<group>"; };
		A656B5C7271B8CB200D0E998 /* Base */ = {isa = PBXFileReference; lastKnownFileType = file.storyboard; name = Base; path = Base.lproj/Main.storyboard; sourceTree = "<group>"; };
		A656B5CA271B8CB200D0E998 /* final.xcdatamodel */ = {isa = PBXFileReference; lastKnownFileType = wrapper.xcdatamodel; path = final.xcdatamodel; sourceTree = "<group>"; };
		A656B5CC271B8CB700D0E998 /* Assets.xcassets */ = {isa = PBXFileReference; lastKnownFileType = folder.assetcatalog; path = Assets.xcassets; sourceTree = "<group>"; };
		A656B5CF271B8CB700D0E998 /* Base */ = {isa = PBXFileReference; lastKnownFileType = file.storyboard; name = Base; path = Base.lproj/LaunchScreen.storyboard; sourceTree = "<group>"; };
		A656B5D1271B8CB700D0E998 /* Info.plist */ = {isa = PBXFileReference; lastKnownFileType = text.plist.xml; path = Info.plist; sourceTree = "<group>"; };
		A660EFBF27409C62001FD675 /* MapKit.framework */ = {isa = PBXFileReference; lastKnownFileType = wrapper.framework; name = MapKit.framework; path = System/Library/Frameworks/MapKit.framework; sourceTree = SDKROOT; };
		A660EFC32740A1FE001FD675 /* UnitFormatter.swift */ = {isa = PBXFileReference; lastKnownFileType = sourcecode.swift; path = UnitFormatter.swift; sourceTree = "<group>"; };
		A6B5E95A27308C2900D45063 /* WeatherViewController.swift */ = {isa = PBXFileReference; lastKnownFileType = sourcecode.swift; path = WeatherViewController.swift; sourceTree = "<group>"; };
/* End PBXFileReference section */

/* Begin PBXFrameworksBuildPhase section */
		A656B5BA271B8CB200D0E998 /* Frameworks */ = {
			isa = PBXFrameworksBuildPhase;
			buildActionMask = 2147483647;
			files = (
				A660EFC027409C62001FD675 /* MapKit.framework in Frameworks */,
			);
			runOnlyForDeploymentPostprocessing = 0;
		};
/* End PBXFrameworksBuildPhase section */

/* Begin PBXGroup section */
		A656B5B4271B8CB200D0E998 = {
			isa = PBXGroup;
			children = (
				A656B5BF271B8CB200D0E998 /* final */,
				A656B5BE271B8CB200D0E998 /* Products */,
				A660EFBE27409C62001FD675 /* Frameworks */,
			);
			sourceTree = "<group>";
		};
		A656B5BE271B8CB200D0E998 /* Products */ = {
			isa = PBXGroup;
			children = (
				A656B5BD271B8CB200D0E998 /* final.app */,
			);
			name = Products;
			sourceTree = "<group>";
		};
		A656B5BF271B8CB200D0E998 /* final */ = {
			isa = PBXGroup;
			children = (
				A64B38522741C2F9005115C9 /* Run.swift */,
				A64B38532741C2F9005115C9 /* Model.swift */,
				A656B5C0271B8CB200D0E998 /* AppDelegate.swift */,
				A656B5C2271B8CB200D0E998 /* SceneDelegate.swift */,
				A656B5C4271B8CB200D0E998 /* ViewController.swift */,
				A6B5E95A27308C2900D45063 /* WeatherViewController.swift */,
				A656B5C6271B8CB200D0E998 /* Main.storyboard */,
				A64B38562741D0A7005115C9 /* TableViewController.swift */,
				A64B38582741D0F3005115C9 /* TableViewCell.swift */,
				A64B385A2741D10F005115C9 /* DetailViewController.swift */,
				A6364FAD273DDC7F00A1D4DB /* RunViewController.swift */,
				A660EFC32740A1FE001FD675 /* UnitFormatter.swift */,
				A656B5CC271B8CB700D0E998 /* Assets.xcassets */,
				A656B5CE271B8CB700D0E998 /* LaunchScreen.storyboard */,
				A656B5D1271B8CB700D0E998 /* Info.plist */,
				A656B5C9271B8CB200D0E998 /* final.xcdatamodeld */,
			);
			path = final;
			sourceTree = "<group>";
		};
		A660EFBE27409C62001FD675 /* Frameworks */ = {
			isa = PBXGroup;
			children = (
				A660EFBF27409C62001FD675 /* MapKit.framework */,
			);
			name = Frameworks;
			sourceTree = "<group>";
		};
/* End PBXGroup section */

/* Begin PBXNativeTarget section */
		A656B5BC271B8CB200D0E998 /* final */ = {
			isa = PBXNativeTarget;
			buildConfigurationList = A656B5D4271B8CB700D0E998 /* Build configuration list for PBXNativeTarget "final" */;
			buildPhases = (
				A656B5B9271B8CB200D0E998 /* Sources */,
				A656B5BA271B8CB200D0E998 /* Frameworks */,
				A656B5BB271B8CB200D0E998 /* Resources */,
			);
			buildRules = (
			);
			dependencies = (
			);
			name = final;
			productName = final;
			productReference = A656B5BD271B8CB200D0E998 /* final.app */;
			productType = "com.apple.product-type.application";
		};
/* End PBXNativeTarget section */

/* Begin PBXProject section */
		A656B5B5271B8CB200D0E998 /* Project object */ = {
			isa = PBXProject;
			attributes = {
				BuildIndependentTargetsInParallel = 1;
				LastSwiftUpdateCheck = 1300;
				LastUpgradeCheck = 1300;
				TargetAttributes = {
					A656B5BC271B8CB200D0E998 = {
						CreatedOnToolsVersion = 13.0;
					};
				};
			};
			buildConfigurationList = A656B5B8271B8CB200D0E998 /* Build configuration list for PBXProject "final" */;
			compatibilityVersion = "Xcode 13.0";
			developmentRegion = en;
			hasScannedForEncodings = 0;
			knownRegions = (
				en,
				Base,
			);
			mainGroup = A656B5B4271B8CB200D0E998;
			productRefGroup = A656B5BE271B8CB200D0E998 /* Products */;
			projectDirPath = "";
			projectRoot = "";
			targets = (
				A656B5BC271B8CB200D0E998 /* final */,
			);
		};
/* End PBXProject section */

/* Begin PBXResourcesBuildPhase section */
		A656B5BB271B8CB200D0E998 /* Resources */ = {
			isa = PBXResourcesBuildPhase;
			buildActionMask = 2147483647;
			files = (
				A656B5D0271B8CB700D0E998 /* LaunchScreen.storyboard in Resources */,
				A656B5CD271B8CB700D0E998 /* Assets.xcassets in Resources */,
				A656B5C8271B8CB200D0E998 /* Main.storyboard in Resources */,
			);
			runOnlyForDeploymentPostprocessing = 0;
		};
/* End PBXResourcesBuildPhase section */

/* Begin PBXSourcesBuildPhase section */
		A656B5B9271B8CB200D0E998 /* Sources */ = {
			isa = PBXSourcesBuildPhase;
			buildActionMask = 2147483647;
			files = (
				A656B5CB271B8CB300D0E998 /* final.xcdatamodeld in Sources */,
				A6B5E95B27308C2900D45063 /* WeatherViewController.swift in Sources */,
				A656B5C5271B8CB200D0E998 /* ViewController.swift in Sources */,
				A64B385B2741D10F005115C9 /* DetailViewController.swift in Sources */,
				A64B38572741D0A7005115C9 /* TableViewController.swift in Sources */,
				A64B38542741C2F9005115C9 /* Run.swift in Sources */,
				A660EFC42740A1FE001FD675 /* UnitFormatter.swift in Sources */,
				A64B38592741D0F3005115C9 /* TableViewCell.swift in Sources */,
				A656B5C1271B8CB200D0E998 /* AppDelegate.swift in Sources */,
				A64B38552741C2F9005115C9 /* Model.swift in Sources */,
				A6364FAE273DDC8000A1D4DB /* RunViewController.swift in Sources */,
				A656B5C3271B8CB200D0E998 /* SceneDelegate.swift in Sources */,
			);
			runOnlyForDeploymentPostprocessing = 0;
		};
/* End PBXSourcesBuildPhase section */

/* Begin PBXVariantGroup section */
		A656B5C6271B8CB200D0E998 /* Main.storyboard */ = {
			isa = PBXVariantGroup;
			children = (
				A656B5C7271B8CB200D0E998 /* Base */,
			);
			name = Main.storyboard;
			sourceTree = "<group>";
		};
		A656B5CE271B8CB700D0E998 /* LaunchScreen.storyboard */ = {
			isa = PBXVariantGroup;
			children = (
				A656B5CF271B8CB700D0E998 /* Base */,
			);
			name = LaunchScreen.storyboard;
			sourceTree = "<group>";
		};
/* End PBXVariantGroup section */

/* Begin XCBuildConfiguration section */
		A656B5D2271B8CB700D0E998 /* Debug */ = {
			isa = XCBuildConfiguration;
			buildSettings = {
				ALWAYS_SEARCH_USER_PATHS = NO;
				CLANG_ANALYZER_NONNULL = YES;
				CLANG_ANALYZER_NUMBER_OBJECT_CONVERSION = YES_AGGRESSIVE;
				CLANG_CXX_LANGUAGE_STANDARD = "gnu++17";
				CLANG_CXX_LIBRARY = "libc++";
				CLANG_ENABLE_MODULES = YES;
				CLANG_ENABLE_OBJC_ARC = YES;
				CLANG_ENABLE_OBJC_WEAK = YES;
				CLANG_WARN_BLOCK_CAPTURE_AUTORELEASING = YES;
				CLANG_WARN_BOOL_CONVERSION = YES;
				CLANG_WARN_COMMA = YES;
				CLANG_WARN_CONSTANT_CONVERSION = YES;
				CLANG_WARN_DEPRECATED_OBJC_IMPLEMENTATIONS = YES;
				CLANG_WARN_DIRECT_OBJC_ISA_USAGE = YES_ERROR;
				CLANG_WARN_DOCUMENTATION_COMMENTS = YES;
				CLANG_WARN_EMPTY_BODY = YES;
				CLANG_WARN_ENUM_CONVERSION = YES;
				CLANG_WARN_INFINITE_RECURSION = YES;
				CLANG_WARN_INT_CONVERSION = YES;
				CLANG_WARN_NON_LITERAL_NULL_CONVERSION = YES;
				CLANG_WARN_OBJC_IMPLICIT_RETAIN_SELF = YES;
				CLANG_WARN_OBJC_LITERAL_CONVERSION = YES;
				CLANG_WARN_OBJC_ROOT_CLASS = YES_ERROR;
				CLANG_WARN_QUOTED_INCLUDE_IN_FRAMEWORK_HEADER = YES;
				CLANG_WARN_RANGE_LOOP_ANALYSIS = YES;
				CLANG_WARN_STRICT_PROTOTYPES = YES;
				CLANG_WARN_SUSPICIOUS_MOVE = YES;
				CLANG_WARN_UNGUARDED_AVAILABILITY = YES_AGGRESSIVE;
				CLANG_WARN_UNREACHABLE_CODE = YES;
				CLANG_WARN__DUPLICATE_METHOD_MATCH = YES;
				COPY_PHASE_STRIP = NO;
				DEBUG_INFORMATION_FORMAT = dwarf;
				ENABLE_STRICT_OBJC_MSGSEND = YES;
				ENABLE_TESTABILITY = YES;
				GCC_C_LANGUAGE_STANDARD = gnu11;
				GCC_DYNAMIC_NO_PIC = NO;
				GCC_NO_COMMON_BLOCKS = YES;
				GCC_OPTIMIZATION_LEVEL = 0;
				GCC_PREPROCESSOR_DEFINITIONS = (
					"DEBUG=1",
					"$(inherited)",
				);
				GCC_WARN_64_TO_32_BIT_CONVERSION = YES;
				GCC_WARN_ABOUT_RETURN_TYPE = YES_ERROR;
				GCC_WARN_UNDECLARED_SELECTOR = YES;
				GCC_WARN_UNINITIALIZED_AUTOS = YES_AGGRESSIVE;
				GCC_WARN_UNUSED_FUNCTION = YES;
				GCC_WARN_UNUSED_VARIABLE = YES;
				IPHONEOS_DEPLOYMENT_TARGET = 15.0;
				MTL_ENABLE_DEBUG_INFO = INCLUDE_SOURCE;
				MTL_FAST_MATH = YES;
				ONLY_ACTIVE_ARCH = YES;
				SDKROOT = iphoneos;
				SWIFT_ACTIVE_COMPILATION_CONDITIONS = DEBUG;
				SWIFT_OPTIMIZATION_LEVEL = "-Onone";
			};
			name = Debug;
		};
		A656B5D3271B8CB700D0E998 /* Release */ = {
			isa = XCBuildConfiguration;
			buildSettings = {
				ALWAYS_SEARCH_USER_PATHS = NO;
				CLANG_ANALYZER_NONNULL = YES;
				CLANG_ANALYZER_NUMBER_OBJECT_CONVERSION = YES_AGGRESSIVE;
				CLANG_CXX_LANGUAGE_STANDARD = "gnu++17";
				CLANG_CXX_LIBRARY = "libc++";
				CLANG_ENABLE_MODULES = YES;
				CLANG_ENABLE_OBJC_ARC = YES;
				CLANG_ENABLE_OBJC_WEAK = YES;
				CLANG_WARN_BLOCK_CAPTURE_AUTORELEASING = YES;
				CLANG_WARN_BOOL_CONVERSION = YES;
				CLANG_WARN_COMMA = YES;
				CLANG_WARN_CONSTANT_CONVERSION = YES;
				CLANG_WARN_DEPRECATED_OBJC_IMPLEMENTATIONS = YES;
				CLANG_WARN_DIRECT_OBJC_ISA_USAGE = YES_ERROR;
				CLANG_WARN_DOCUMENTATION_COMMENTS = YES;
				CLANG_WARN_EMPTY_BODY = YES;
				CLANG_WARN_ENUM_CONVERSION = YES;
				CLANG_WARN_INFINITE_RECURSION = YES;
				CLANG_WARN_INT_CONVERSION = YES;
				CLANG_WARN_NON_LITERAL_NULL_CONVERSION = YES;
				CLANG_WARN_OBJC_IMPLICIT_RETAIN_SELF = YES;
				CLANG_WARN_OBJC_LITERAL_CONVERSION = YES;
				CLANG_WARN_OBJC_ROOT_CLASS = YES_ERROR;
				CLANG_WARN_QUOTED_INCLUDE_IN_FRAMEWORK_HEADER = YES;
				CLANG_WARN_RANGE_LOOP_ANALYSIS = YES;
				CLANG_WARN_STRICT_PROTOTYPES = YES;
				CLANG_WARN_SUSPICIOUS_MOVE = YES;
				CLANG_WARN_UNGUARDED_AVAILABILITY = YES_AGGRESSIVE;
				CLANG_WARN_UNREACHABLE_CODE = YES;
				CLANG_WARN__DUPLICATE_METHOD_MATCH = YES;
				COPY_PHASE_STRIP = NO;
				DEBUG_INFORMATION_FORMAT = "dwarf-with-dsym";
				ENABLE_NS_ASSERTIONS = NO;
				ENABLE_STRICT_OBJC_MSGSEND = YES;
				GCC_C_LANGUAGE_STANDARD = gnu11;
				GCC_NO_COMMON_BLOCKS = YES;
				GCC_WARN_64_TO_32_BIT_CONVERSION = YES;
				GCC_WARN_ABOUT_RETURN_TYPE = YES_ERROR;
				GCC_WARN_UNDECLARED_SELECTOR = YES;
				GCC_WARN_UNINITIALIZED_AUTOS = YES_AGGRESSIVE;
				GCC_WARN_UNUSED_FUNCTION = YES;
				GCC_WARN_UNUSED_VARIABLE = YES;
				IPHONEOS_DEPLOYMENT_TARGET = 15.0;
				MTL_ENABLE_DEBUG_INFO = NO;
				MTL_FAST_MATH = YES;
				SDKROOT = iphoneos;
				SWIFT_COMPILATION_MODE = wholemodule;
				SWIFT_OPTIMIZATION_LEVEL = "-O";
				VALIDATE_PRODUCT = YES;
			};
			name = Release;
		};
		A656B5D5271B8CB700D0E998 /* Debug */ = {
			isa = XCBuildConfiguration;
			buildSettings = {
				ASSETCATALOG_COMPILER_APPICON_NAME = AppIcon;
				ASSETCATALOG_COMPILER_GLOBAL_ACCENT_COLOR_NAME = AccentColor;
				CODE_SIGN_STYLE = Automatic;
				CURRENT_PROJECT_VERSION = 1;
				DEVELOPMENT_TEAM = VNLZ7Y3U3M;
				GENERATE_INFOPLIST_FILE = YES;
				INFOPLIST_FILE = final/Info.plist;
				INFOPLIST_KEY_NSLocationWhenInUseUsageDescription = "Required for tracking run.";
				INFOPLIST_KEY_UIApplicationSupportsIndirectInputEvents = YES;
				INFOPLIST_KEY_UILaunchStoryboardName = LaunchScreen;
				INFOPLIST_KEY_UIMainStoryboardFile = Main;
				INFOPLIST_KEY_UISupportedInterfaceOrientations_iPad = "UIInterfaceOrientationPortrait UIInterfaceOrientationPortraitUpsideDown UIInterfaceOrientationLandscapeLeft UIInterfaceOrientationLandscapeRight";
				INFOPLIST_KEY_UISupportedInterfaceOrientations_iPhone = "UIInterfaceOrientationPortrait UIInterfaceOrientationLandscapeLeft UIInterfaceOrientationLandscapeRight";
				LD_RUNPATH_SEARCH_PATHS = (
					"$(inherited)",
					"@executable_path/Frameworks",
				);
				MARKETING_VERSION = 1.0;
				PRODUCT_BUNDLE_IDENTIFIER = asu.final;
				PRODUCT_NAME = "$(TARGET_NAME)";
				SWIFT_EMIT_LOC_STRINGS = YES;
				SWIFT_VERSION = 5.0;
				TARGETED_DEVICE_FAMILY = "1,2";
			};
			name = Debug;
		};
		A656B5D6271B8CB700D0E998 /* Release */ = {
			isa = XCBuildConfiguration;
			buildSettings = {
				ASSETCATALOG_COMPILER_APPICON_NAME = AppIcon;
				ASSETCATALOG_COMPILER_GLOBAL_ACCENT_COLOR_NAME = AccentColor;
				CODE_SIGN_STYLE = Automatic;
				CURRENT_PROJECT_VERSION = 1;
				DEVELOPMENT_TEAM = VNLZ7Y3U3M;
				GENERATE_INFOPLIST_FILE = YES;
				INFOPLIST_FILE = final/Info.plist;
				INFOPLIST_KEY_NSLocationWhenInUseUsageDescription = "Required for tracking run.";
				INFOPLIST_KEY_UIApplicationSupportsIndirectInputEvents = YES;
				INFOPLIST_KEY_UILaunchStoryboardName = LaunchScreen;
				INFOPLIST_KEY_UIMainStoryboardFile = Main;
				INFOPLIST_KEY_UISupportedInterfaceOrientations_iPad = "UIInterfaceOrientationPortrait UIInterfaceOrientationPortraitUpsideDown UIInterfaceOrientationLandscapeLeft UIInterfaceOrientationLandscapeRight";
				INFOPLIST_KEY_UISupportedInterfaceOrientations_iPhone = "UIInterfaceOrientationPortrait UIInterfaceOrientationLandscapeLeft UIInterfaceOrientationLandscapeRight";
				LD_RUNPATH_SEARCH_PATHS = (
					"$(inherited)",
					"@executable_path/Frameworks",
				);
				MARKETING_VERSION = 1.0;
				PRODUCT_BUNDLE_IDENTIFIER = asu.final;
				PRODUCT_NAME = "$(TARGET_NAME)";
				SWIFT_EMIT_LOC_STRINGS = YES;
				SWIFT_VERSION = 5.0;
				TARGETED_DEVICE_FAMILY = "1,2";
			};
			name = Release;
		};
/* End XCBuildConfiguration section */

/* Begin XCConfigurationList section */
		A656B5B8271B8CB200D0E998 /* Build configuration list for PBXProject "final" */ = {
			isa = XCConfigurationList;
			buildConfigurations = (
				A656B5D2271B8CB700D0E998 /* Debug */,
				A656B5D3271B8CB700D0E998 /* Release */,
			);
			defaultConfigurationIsVisible = 0;
			defaultConfigurationName = Release;
		};
		A656B5D4271B8CB700D0E998 /* Build configuration list for PBXNativeTarget "final" */ = {
			isa = XCConfigurationList;
			buildConfigurations = (
				A656B5D5271B8CB700D0E998 /* Debug */,
				A656B5D6271B8CB700D0E998 /* Release */,
			);
			defaultConfigurationIsVisible = 0;
			defaultConfigurationName = Release;
		};
/* End XCConfigurationList section */

/* Begin XCVersionGroup section */
		A656B5C9271B8CB200D0E998 /* final.xcdatamodeld */ = {
			isa = XCVersionGroup;
			children = (
				A656B5CA271B8CB200D0E998 /* final.xcdatamodel */,
			);
			currentVersion = A656B5CA271B8CB200D0E998 /* final.xcdatamodel */;
			path = final.xcdatamodeld;
			sourceTree = "<group>";
			versionGroupType = wrapper.xcdatamodel;
		};
/* End XCVersionGroup section */
	};
	rootObject = A656B5B5271B8CB200D0E998 /* Project object */;
}
